// !$*UTF8*$!
{
	archiveVersion = 1;
	classes = {
	};
	objectVersion = 50;
	objects = {

/* Begin PBXBuildFile section */
		AB895E97260D879A00252329 /* AppDelegate.swift in Sources */ = {isa = PBXBuildFile; fileRef = AB895E96260D879A00252329 /* AppDelegate.swift */; };
		AB895E99260D879A00252329 /* SceneDelegate.swift in Sources */ = {isa = PBXBuildFile; fileRef = AB895E98260D879A00252329 /* SceneDelegate.swift */; };
		AB895E9B260D879A00252329 /* ViewController.swift in Sources */ = {isa = PBXBuildFile; fileRef = AB895E9A260D879A00252329 /* ViewController.swift */; };
		AB895E9E260D879A00252329 /* Main.storyboard in Resources */ = {isa = PBXBuildFile; fileRef = AB895E9C260D879A00252329 /* Main.storyboard */; };
		AB895EA0260D879D00252329 /* Assets.xcassets in Resources */ = {isa = PBXBuildFile; fileRef = AB895E9F260D879D00252329 /* Assets.xcassets */; };
		AB895EA3260D879D00252329 /* LaunchScreen.storyboard in Resources */ = {isa = PBXBuildFile; fileRef = AB895EA1260D879D00252329 /* LaunchScreen.storyboard */; };
		AB895EB9260D879D00252329 /* UITestSampleUITests.swift in Sources */ = {isa = PBXBuildFile; fileRef = AB895EB8260D879D00252329 /* UITestSampleUITests.swift */; };
		AB8AB31B26165B05006370F6 /* EmojiTranslator.swift in Sources */ = {isa = PBXBuildFile; fileRef = AB8AB31A26165B05006370F6 /* EmojiTranslator.swift */; };
		AB8AB32026165CE5006370F6 /* EmojiTranslatorTest.swift in Sources */ = {isa = PBXBuildFile; fileRef = AB8AB31F26165CE5006370F6 /* EmojiTranslatorTest.swift */; };
/* End PBXBuildFile section */

/* Begin PBXContainerItemProxy section */
		AB895EAA260D879D00252329 /* PBXContainerItemProxy */ = {
			isa = PBXContainerItemProxy;
			containerPortal = AB895E8B260D879A00252329 /* Project object */;
			proxyType = 1;
			remoteGlobalIDString = AB895E92260D879A00252329;
			remoteInfo = UITestSample;
		};
		AB895EB5260D879D00252329 /* PBXContainerItemProxy */ = {
			isa = PBXContainerItemProxy;
			containerPortal = AB895E8B260D879A00252329 /* Project object */;
			proxyType = 1;
			remoteGlobalIDString = AB895E92260D879A00252329;
			remoteInfo = UITestSample;
		};
/* End PBXContainerItemProxy section */

/* Begin PBXFileReference section */
		AB895E93260D879A00252329 /* UITestSample.app */ = {isa = PBXFileReference; explicitFileType = wrapper.application; includeInIndex = 0; path = UITestSample.app; sourceTree = BUILT_PRODUCTS_DIR; };
		AB895E96260D879A00252329 /* AppDelegate.swift */ = {isa = PBXFileReference; lastKnownFileType = sourcecode.swift; path = AppDelegate.swift; sourceTree = "<group>"; };
		AB895E98260D879A00252329 /* SceneDelegate.swift */ = {isa = PBXFileReference; lastKnownFileType = sourcecode.swift; path = SceneDelegate.swift; sourceTree = "<group>"; };
		AB895E9A260D879A00252329 /* ViewController.swift */ = {isa = PBXFileReference; lastKnownFileType = sourcecode.swift; path = ViewController.swift; sourceTree = "<group>"; };
		AB895E9D260D879A00252329 /* Base */ = {isa = PBXFileReference; lastKnownFileType = file.storyboard; name = Base; path = Base.lproj/Main.storyboard; sourceTree = "<group>"; };
		AB895E9F260D879D00252329 /* Assets.xcassets */ = {isa = PBXFileReference; lastKnownFileType = folder.assetcatalog; path = Assets.xcassets; sourceTree = "<group>"; };
		AB895EA2260D879D00252329 /* Base */ = {isa = PBXFileReference; lastKnownFileType = file.storyboard; name = Base; path = Base.lproj/LaunchScreen.storyboard; sourceTree = "<group>"; };
		AB895EA4260D879D00252329 /* Info.plist */ = {isa = PBXFileReference; lastKnownFileType = text.plist.xml; path = Info.plist; sourceTree = "<group>"; };
		AB895EA9260D879D00252329 /* UITestSampleTests.xctest */ = {isa = PBXFileReference; explicitFileType = wrapper.cfbundle; includeInIndex = 0; path = UITestSampleTests.xctest; sourceTree = BUILT_PRODUCTS_DIR; };
		AB895EAF260D879D00252329 /* Info.plist */ = {isa = PBXFileReference; lastKnownFileType = text.plist.xml; path = Info.plist; sourceTree = "<group>"; };
		AB895EB4260D879D00252329 /* UITestSampleUITests.xctest */ = {isa = PBXFileReference; explicitFileType = wrapper.cfbundle; includeInIndex = 0; path = UITestSampleUITests.xctest; sourceTree = BUILT_PRODUCTS_DIR; };
		AB895EB8260D879D00252329 /* UITestSampleUITests.swift */ = {isa = PBXFileReference; lastKnownFileType = sourcecode.swift; path = UITestSampleUITests.swift; sourceTree = "<group>"; };
		AB895EBA260D879D00252329 /* Info.plist */ = {isa = PBXFileReference; lastKnownFileType = text.plist.xml; path = Info.plist; sourceTree = "<group>"; };
		AB8AB31A26165B05006370F6 /* EmojiTranslator.swift */ = {isa = PBXFileReference; lastKnownFileType = sourcecode.swift; path = EmojiTranslator.swift; sourceTree = SOURCE_ROOT; };
		AB8AB31F26165CE5006370F6 /* EmojiTranslatorTest.swift */ = {isa = PBXFileReference; lastKnownFileType = sourcecode.swift; path = EmojiTranslatorTest.swift; sourceTree = "<group>"; };
/* End PBXFileReference section */

/* Begin PBXFrameworksBuildPhase section */
		AB895E90260D879A00252329 /* Frameworks */ = {
			isa = PBXFrameworksBuildPhase;
			buildActionMask = 2147483647;
			files = (
			);
			runOnlyForDeploymentPostprocessing = 0;
		};
		AB895EA6260D879D00252329 /* Frameworks */ = {
			isa = PBXFrameworksBuildPhase;
			buildActionMask = 2147483647;
			files = (
			);
			runOnlyForDeploymentPostprocessing = 0;
		};
		AB895EB1260D879D00252329 /* Frameworks */ = {
			isa = PBXFrameworksBuildPhase;
			buildActionMask = 2147483647;
			files = (
			);
			runOnlyForDeploymentPostprocessing = 0;
		};
/* End PBXFrameworksBuildPhase section */

/* Begin PBXGroup section */
		AB895E8A260D879A00252329 = {
			isa = PBXGroup;
			children = (
				AB895E95260D879A00252329 /* UITestSample */,
				AB895EAC260D879D00252329 /* UITestSampleTests */,
				AB895EB7260D879D00252329 /* UITestSampleUITests */,
				AB895E94260D879A00252329 /* Products */,
			);
			sourceTree = "<group>";
		};
		AB895E94260D879A00252329 /* Products */ = {
			isa = PBXGroup;
			children = (
				AB895E93260D879A00252329 /* UITestSample.app */,
				AB895EA9260D879D00252329 /* UITestSampleTests.xctest */,
				AB895EB4260D879D00252329 /* UITestSampleUITests.xctest */,
			);
			name = Products;
			sourceTree = "<group>";
		};
		AB895E95260D879A00252329 /* UITestSample */ = {
			isa = PBXGroup;
			children = (
				AB895E96260D879A00252329 /* AppDelegate.swift */,
				AB895E98260D879A00252329 /* SceneDelegate.swift */,
				AB895E9A260D879A00252329 /* ViewController.swift */,
				AB895E9C260D879A00252329 /* Main.storyboard */,
				AB895E9F260D879D00252329 /* Assets.xcassets */,
				AB895EA1260D879D00252329 /* LaunchScreen.storyboard */,
				AB895EA4260D879D00252329 /* Info.plist */,
				AB8AB31A26165B05006370F6 /* EmojiTranslator.swift */,
			);
			path = UITestSample;
			sourceTree = "<group>";
		};
		AB895EAC260D879D00252329 /* UITestSampleTests */ = {
			isa = PBXGroup;
			children = (
				AB895EAF260D879D00252329 /* Info.plist */,
				AB8AB31F26165CE5006370F6 /* EmojiTranslatorTest.swift */,
			);
			path = UITestSampleTests;
			sourceTree = "<group>";
		};
		AB895EB7260D879D00252329 /* UITestSampleUITests */ = {
			isa = PBXGroup;
			children = (
				AB895EB8260D879D00252329 /* UITestSampleUITests.swift */,
				AB895EBA260D879D00252329 /* Info.plist */,
			);
			path = UITestSampleUITests;
			sourceTree = "<group>";
		};
/* End PBXGroup section */

/* Begin PBXNativeTarget section */
		AB895E92260D879A00252329 /* UITestSample */ = {
			isa = PBXNativeTarget;
			buildConfigurationList = AB895EBD260D879D00252329 /* Build configuration list for PBXNativeTarget "UITestSample" */;
			buildPhases = (
				AB895E8F260D879A00252329 /* Sources */,
				AB895E90260D879A00252329 /* Frameworks */,
				AB895E91260D879A00252329 /* Resources */,
			);
			buildRules = (
			);
			dependencies = (
			);
			name = UITestSample;
			productName = UITestSample;
			productReference = AB895E93260D879A00252329 /* UITestSample.app */;
			productType = "com.apple.product-type.application";
		};
		AB895EA8260D879D00252329 /* UITestSampleTests */ = {
			isa = PBXNativeTarget;
			buildConfigurationList = AB895EC0260D879D00252329 /* Build configuration list for PBXNativeTarget "UITestSampleTests" */;
			buildPhases = (
				AB895EA5260D879D00252329 /* Sources */,
				AB895EA6260D879D00252329 /* Frameworks */,
				AB895EA7260D879D00252329 /* Resources */,
			);
			buildRules = (
			);
			dependencies = (
				AB895EAB260D879D00252329 /* PBXTargetDependency */,
			);
			name = UITestSampleTests;
			productName = UITestSampleTests;
			productReference = AB895EA9260D879D00252329 /* UITestSampleTests.xctest */;
			productType = "com.apple.product-type.bundle.unit-test";
		};
		AB895EB3260D879D00252329 /* UITestSampleUITests */ = {
			isa = PBXNativeTarget;
			buildConfigurationList = AB895EC3260D879D00252329 /* Build configuration list for PBXNativeTarget "UITestSampleUITests" */;
			buildPhases = (
				AB895EB0260D879D00252329 /* Sources */,
				AB895EB1260D879D00252329 /* Frameworks */,
				AB895EB2260D879D00252329 /* Resources */,
			);
			buildRules = (
			);
			dependencies = (
				AB895EB6260D879D00252329 /* PBXTargetDependency */,
			);
			name = UITestSampleUITests;
			productName = UITestSampleUITests;
			productReference = AB895EB4260D879D00252329 /* UITestSampleUITests.xctest */;
			productType = "com.apple.product-type.bundle.ui-testing";
		};
/* End PBXNativeTarget section */

/* Begin PBXProject section */
		AB895E8B260D879A00252329 /* Project object */ = {
			isa = PBXProject;
			attributes = {
				LastSwiftUpdateCheck = 1240;
				LastUpgradeCheck = 1240;
				TargetAttributes = {
					AB895E92260D879A00252329 = {
						CreatedOnToolsVersion = 12.4;
					};
					AB895EA8260D879D00252329 = {
						CreatedOnToolsVersion = 12.4;
						TestTargetID = AB895E92260D879A00252329;
					};
					AB895EB3260D879D00252329 = {
						CreatedOnToolsVersion = 12.4;
						TestTargetID = AB895E92260D879A00252329;
					};
				};
			};
			buildConfigurationList = AB895E8E260D879A00252329 /* Build configuration list for PBXProject "UITestSample" */;
			compatibilityVersion = "Xcode 9.3";
			developmentRegion = en;
			hasScannedForEncodings = 0;
			knownRegions = (
				en,
				Base,
			);
			mainGroup = AB895E8A260D879A00252329;
			productRefGroup = AB895E94260D879A00252329 /* Products */;
			projectDirPath = "";
			projectRoot = "";
			targets = (
				AB895E92260D879A00252329 /* UITestSample */,
				AB895EA8260D879D00252329 /* UITestSampleTests */,
				AB895EB3260D879D00252329 /* UITestSampleUITests */,
			);
		};
/* End PBXProject section */

/* Begin PBXResourcesBuildPhase section */
		AB895E91260D879A00252329 /* Resources */ = {
			isa = PBXResourcesBuildPhase;
			buildActionMask = 2147483647;
			files = (
				AB895EA3260D879D00252329 /* LaunchScreen.storyboard in Resources */,
				AB895EA0260D879D00252329 /* Assets.xcassets in Resources */,
				AB895E9E260D879A00252329 /* Main.storyboard in Resources */,
			);
			runOnlyForDeploymentPostprocessing = 0;
		};
		AB895EA7260D879D00252329 /* Resources */ = {
			isa = PBXResourcesBuildPhase;
			buildActionMask = 2147483647;
			files = (
			);
			runOnlyForDeploymentPostprocessing = 0;
		};
		AB895EB2260D879D00252329 /* Resources */ = {
			isa = PBXResourcesBuildPhase;
			buildActionMask = 2147483647;
			files = (
			);
			runOnlyForDeploymentPostprocessing = 0;
		};
/* End PBXResourcesBuildPhase section */

/* Begin PBXSourcesBuildPhase section */
		AB895E8F260D879A00252329 /* Sources */ = {
			isa = PBXSourcesBuildPhase;
			buildActionMask = 2147483647;
			files = (
				AB895E9B260D879A00252329 /* ViewController.swift in Sources */,
				AB895E97260D879A00252329 /* AppDelegate.swift in Sources */,
				AB8AB31B26165B05006370F6 /* EmojiTranslator.swift in Sources */,
				AB895E99260D879A00252329 /* SceneDelegate.swift in Sources */,
			);
			runOnlyForDeploymentPostprocessing = 0;
		};
		AB895EA5260D879D00252329 /* Sources */ = {
			isa = PBXSourcesBuildPhase;
			buildActionMask = 2147483647;
			files = (
				AB8AB32026165CE5006370F6 /* EmojiTranslatorTest.swift in Sources */,
			);
			runOnlyForDeploymentPostprocessing = 0;
		};
		AB895EB0260D879D00252329 /* Sources */ = {
			isa = PBXSourcesBuildPhase;
			buildActionMask = 2147483647;
			files = (
				AB895EB9260D879D00252329 /* UITestSampleUITests.swift in Sources */,
			);
			runOnlyForDeploymentPostprocessing = 0;
		};
/* End PBXSourcesBuildPhase section */

/* Begin PBXTargetDependency section */
		AB895EAB260D879D00252329 /* PBXTargetDependency */ = {
			isa = PBXTargetDependency;
			target = AB895E92260D879A00252329 /* UITestSample */;
			targetProxy = AB895EAA260D879D00252329 /* PBXContainerItemProxy */;
		};
		AB895EB6260D879D00252329 /* PBXTargetDependency */ = {
			isa = PBXTargetDependency;
			target = AB895E92260D879A00252329 /* UITestSample */;
			targetProxy = AB895EB5260D879D00252329 /* PBXContainerItemProxy */;
		};
/* End PBXTargetDependency section */

/* Begin PBXVariantGroup section */
		AB895E9C260D879A00252329 /* Main.storyboard */ = {
			isa = PBXVariantGroup;
			children = (
				AB895E9D260D879A00252329 /* Base */,
			);
			name = Main.storyboard;
			sourceTree = "<group>";
		};
		AB895EA1260D879D00252329 /* LaunchScreen.storyboard */ = {
			isa = PBXVariantGroup;
			children = (
				AB895EA2260D879D00252329 /* Base */,
			);
			name = LaunchScreen.storyboard;
			sourceTree = "<group>";
		};
/* End PBXVariantGroup section */

/* Begin XCBuildConfiguration section */
		AB895EBB260D879D00252329 /* Debug */ = {
			isa = XCBuildConfiguration;
			buildSettings = {
				ALWAYS_SEARCH_USER_PATHS = NO;
				CLANG_ANALYZER_NONNULL = YES;
				CLANG_ANALYZER_NUMBER_OBJECT_CONVERSION = YES_AGGRESSIVE;
				CLANG_CXX_LANGUAGE_STANDARD = "gnu++14";
				CLANG_CXX_LIBRARY = "libc++";
				CLANG_ENABLE_MODULES = YES;
				CLANG_ENABLE_OBJC_ARC = YES;
				CLANG_ENABLE_OBJC_WEAK = YES;
				CLANG_WARN_BLOCK_CAPTURE_AUTORELEASING = YES;
				CLANG_WARN_BOOL_CONVERSION = YES;
				CLANG_WARN_COMMA = YES;
				CLANG_WARN_CONSTANT_CONVERSION = YES;
				CLANG_WARN_DEPRECATED_OBJC_IMPLEMENTATIONS = YES;
				CLANG_WARN_DIRECT_OBJC_ISA_USAGE = YES_ERROR;
				CLANG_WARN_DOCUMENTATION_COMMENTS = YES;
				CLANG_WARN_EMPTY_BODY = YES;
				CLANG_WARN_ENUM_CONVERSION = YES;
				CLANG_WARN_INFINITE_RECURSION = YES;
				CLANG_WARN_INT_CONVERSION = YES;
				CLANG_WARN_NON_LITERAL_NULL_CONVERSION = YES;
				CLANG_WARN_OBJC_IMPLICIT_RETAIN_SELF = YES;
				CLANG_WARN_OBJC_LITERAL_CONVERSION = YES;
				CLANG_WARN_OBJC_ROOT_CLASS = YES_ERROR;
				CLANG_WARN_QUOTED_INCLUDE_IN_FRAMEWORK_HEADER = YES;
				CLANG_WARN_RANGE_LOOP_ANALYSIS = YES;
				CLANG_WARN_STRICT_PROTOTYPES = YES;
				CLANG_WARN_SUSPICIOUS_MOVE = YES;
				CLANG_WARN_UNGUARDED_AVAILABILITY = YES_AGGRESSIVE;
				CLANG_WARN_UNREACHABLE_CODE = YES;
				CLANG_WARN__DUPLICATE_METHOD_MATCH = YES;
				COPY_PHASE_STRIP = NO;
				DEBUG_INFORMATION_FORMAT = dwarf;
				ENABLE_STRICT_OBJC_MSGSEND = YES;
				ENABLE_TESTABILITY = YES;
				GCC_C_LANGUAGE_STANDARD = gnu11;
				GCC_DYNAMIC_NO_PIC = NO;
				GCC_NO_COMMON_BLOCKS = YES;
				GCC_OPTIMIZATION_LEVEL = 0;
				GCC_PREPROCESSOR_DEFINITIONS = (
					"DEBUG=1",
					"$(inherited)",
				);
				GCC_WARN_64_TO_32_BIT_CONVERSION = YES;
				GCC_WARN_ABOUT_RETURN_TYPE = YES_ERROR;
				GCC_WARN_UNDECLARED_SELECTOR = YES;
				GCC_WARN_UNINITIALIZED_AUTOS = YES_AGGRESSIVE;
				GCC_WARN_UNUSED_FUNCTION = YES;
				GCC_WARN_UNUSED_VARIABLE = YES;
				IPHONEOS_DEPLOYMENT_TARGET = 14.4;
				MTL_ENABLE_DEBUG_INFO = INCLUDE_SOURCE;
				MTL_FAST_MATH = YES;
				ONLY_ACTIVE_ARCH = YES;
				SDKROOT = iphoneos;
				SWIFT_ACTIVE_COMPILATION_CONDITIONS = DEBUG;
				SWIFT_OPTIMIZATION_LEVEL = "-Onone";
			};
			name = Debug;
		};
		AB895EBC260D879D00252329 /* Release */ = {
			isa = XCBuildConfiguration;
			buildSettings = {
				ALWAYS_SEARCH_USER_PATHS = NO;
				CLANG_ANALYZER_NONNULL = YES;
				CLANG_ANALYZER_NUMBER_OBJECT_CONVERSION = YES_AGGRESSIVE;
				CLANG_CXX_LANGUAGE_STANDARD = "gnu++14";
				CLANG_CXX_LIBRARY = "libc++";
				CLANG_ENABLE_MODULES = YES;
				CLANG_ENABLE_OBJC_ARC = YES;
				CLANG_ENABLE_OBJC_WEAK = YES;
				CLANG_WARN_BLOCK_CAPTURE_AUTORELEASING = YES;
				CLANG_WARN_BOOL_CONVERSION = YES;
				CLANG_WARN_COMMA = YES;
				CLANG_WARN_CONSTANT_CONVERSION = YES;
				CLANG_WARN_DEPRECATED_OBJC_IMPLEMENTATIONS = YES;
				CLANG_WARN_DIRECT_OBJC_ISA_USAGE = YES_ERROR;
				CLANG_WARN_DOCUMENTATION_COMMENTS = YES;
				CLANG_WARN_EMPTY_BODY = YES;
				CLANG_WARN_ENUM_CONVERSION = YES;
				CLANG_WARN_INFINITE_RECURSION = YES;
				CLANG_WARN_INT_CONVERSION = YES;
				CLANG_WARN_NON_LITERAL_NULL_CONVERSION = YES;
				CLANG_WARN_OBJC_IMPLICIT_RETAIN_SELF = YES;
				CLANG_WARN_OBJC_LITERAL_CONVERSION = YES;
				CLANG_WARN_OBJC_ROOT_CLASS = YES_ERROR;
				CLANG_WARN_QUOTED_INCLUDE_IN_FRAMEWORK_HEADER = YES;
				CLANG_WARN_RANGE_LOOP_ANALYSIS = YES;
				CLANG_WARN_STRICT_PROTOTYPES = YES;
				CLANG_WARN_SUSPICIOUS_MOVE = YES;
				CLANG_WARN_UNGUARDED_AVAILABILITY = YES_AGGRESSIVE;
				CLANG_WARN_UNREACHABLE_CODE = YES;
				CLANG_WARN__DUPLICATE_METHOD_MATCH = YES;
				COPY_PHASE_STRIP = NO;
				DEBUG_INFORMATION_FORMAT = "dwarf-with-dsym";
				ENABLE_NS_ASSERTIONS = NO;
				ENABLE_STRICT_OBJC_MSGSEND = YES;
				GCC_C_LANGUAGE_STANDARD = gnu11;
				GCC_NO_COMMON_BLOCKS = YES;
				GCC_WARN_64_TO_32_BIT_CONVERSION = YES;
				GCC_WARN_ABOUT_RETURN_TYPE = YES_ERROR;
				GCC_WARN_UNDECLARED_SELECTOR = YES;
				GCC_WARN_UNINITIALIZED_AUTOS = YES_AGGRESSIVE;
				GCC_WARN_UNUSED_FUNCTION = YES;
				GCC_WARN_UNUSED_VARIABLE = YES;
				IPHONEOS_DEPLOYMENT_TARGET = 14.4;
				MTL_ENABLE_DEBUG_INFO = NO;
				MTL_FAST_MATH = YES;
				SDKROOT = iphoneos;
				SWIFT_COMPILATION_MODE = wholemodule;
				SWIFT_OPTIMIZATION_LEVEL = "-O";
				VALIDATE_PRODUCT = YES;
			};
			name = Release;
		};
		AB895EBE260D879D00252329 /* Debug */ = {
			isa = XCBuildConfiguration;
			buildSettings = {
				ASSETCATALOG_COMPILER_APPICON_NAME = AppIcon;
				ASSETCATALOG_COMPILER_GLOBAL_ACCENT_COLOR_NAME = AccentColor;
				CODE_SIGN_STYLE = Automatic;
				INFOPLIST_FILE = UITestSample/Info.plist;
				IPHONEOS_DEPLOYMENT_TARGET = 13.1;
				LD_RUNPATH_SEARCH_PATHS = (
					"$(inherited)",
					"@executable_path/Frameworks",
				);
				PRODUCT_BUNDLE_IDENTIFIER = esanchez.UITestSample;
				PRODUCT_NAME = "$(TARGET_NAME)";
				SWIFT_VERSION = 5.0;
				TARGETED_DEVICE_FAMILY = 1;
			};
			name = Debug;
		};
		AB895EBF260D879D00252329 /* Release */ = {
			isa = XCBuildConfiguration;
			buildSettings = {
				ASSETCATALOG_COMPILER_APPICON_NAME = AppIcon;
				ASSETCATALOG_COMPILER_GLOBAL_ACCENT_COLOR_NAME = AccentColor;
				CODE_SIGN_STYLE = Automatic;
				INFOPLIST_FILE = UITestSample/Info.plist;
				IPHONEOS_DEPLOYMENT_TARGET = 13.1;
				LD_RUNPATH_SEARCH_PATHS = (
					"$(inherited)",
					"@executable_path/Frameworks",
				);
				PRODUCT_BUNDLE_IDENTIFIER = esanchez.UITestSample;
				PRODUCT_NAME = "$(TARGET_NAME)";
				SWIFT_VERSION = 5.0;
				TARGETED_DEVICE_FAMILY = 1;
			};
			name = Release;
		};
		AB895EC1260D879D00252329 /* Debug */ = {
			isa = XCBuildConfiguration;
			buildSettings = {
				ALWAYS_EMBED_SWIFT_STANDARD_LIBRARIES = YES;
				BUNDLE_LOADER = "$(TEST_HOST)";
				CODE_SIGN_STYLE = Automatic;
				INFOPLIST_FILE = UITestSampleTests/Info.plist;
				IPHONEOS_DEPLOYMENT_TARGET = 13.2;
				LD_RUNPATH_SEARCH_PATHS = (
					"$(inherited)",
					"@executable_path/Frameworks",
					"@loader_path/Frameworks",
				);
				PRODUCT_BUNDLE_IDENTIFIER = esanchez.UITestSampleTests;
				PRODUCT_NAME = "$(TARGET_NAME)";
				SWIFT_VERSION = 5.0;
				TARGETED_DEVICE_FAMILY = "1,2";
				TEST_HOST = "$(BUILT_PRODUCTS_DIR)/UITestSample.app/UITestSample";
			};
			name = Debug;
		};
		AB895EC2260D879D00252329 /* Release */ = {
			isa = XCBuildConfiguration;
			buildSettings = {
				ALWAYS_EMBED_SWIFT_STANDARD_LIBRARIES = YES;
				BUNDLE_LOADER = "$(TEST_HOST)";
				CODE_SIGN_STYLE = Automatic;
				INFOPLIST_FILE = UITestSampleTests/Info.plist;
				IPHONEOS_DEPLOYMENT_TARGET = 13.2;
				LD_RUNPATH_SEARCH_PATHS = (
					"$(inherited)",
					"@executable_path/Frameworks",
					"@loader_path/Frameworks",
				);
				PRODUCT_BUNDLE_IDENTIFIER = esanchez.UITestSampleTests;
				PRODUCT_NAME = "$(TARGET_NAME)";
				SWIFT_VERSION = 5.0;
				TARGETED_DEVICE_FAMILY = "1,2";
				TEST_HOST = "$(BUILT_PRODUCTS_DIR)/UITestSample.app/UITestSample";
			};
			name = Release;
		};
		AB895EC4260D879D00252329 /* Debug */ = {
			isa = XCBuildConfiguration;
			buildSettings = {
				ALWAYS_EMBED_SWIFT_STANDARD_LIBRARIES = YES;
				CODE_SIGN_STYLE = Automatic;
				INFOPLIST_FILE = UITestSampleUITests/Info.plist;
				IPHONEOS_DEPLOYMENT_TARGET = 13.2;
				LD_RUNPATH_SEARCH_PATHS = (
					"$(inherited)",
					"@executable_path/Frameworks",
					"@loader_path/Frameworks",
				);
				PRODUCT_BUNDLE_IDENTIFIER = esanchez.UITestSampleUITests;
				PRODUCT_NAME = "$(TARGET_NAME)";
				SWIFT_VERSION = 5.0;
				TARGETED_DEVICE_FAMILY = "1,2";
				TEST_TARGET_NAME = UITestSample;
			};
			name = Debug;
		};
		AB895EC5260D879D00252329 /* Release */ = {
			isa = XCBuildConfiguration;
			buildSettings = {
				ALWAYS_EMBED_SWIFT_STANDARD_LIBRARIES = YES;
				CODE_SIGN_STYLE = Automatic;
				INFOPLIST_FILE = UITestSampleUITests/Info.plist;
				IPHONEOS_DEPLOYMENT_TARGET = 13.2;
				LD_RUNPATH_SEARCH_PATHS = (
					"$(inherited)",
					"@executable_path/Frameworks",
					"@loader_path/Frameworks",
				);
				PRODUCT_BUNDLE_IDENTIFIER = esanchez.UITestSampleUITests;
				PRODUCT_NAME = "$(TARGET_NAME)";
				SWIFT_VERSION = 5.0;
				TARGETED_DEVICE_FAMILY = "1,2";
				TEST_TARGET_NAME = UITestSample;
			};
			name = Release;
		};
/* End XCBuildConfiguration section */

/* Begin XCConfigurationList section */
		AB895E8E260D879A00252329 /* Build configuration list for PBXProject "UITestSample" */ = {
			isa = XCConfigurationList;
			buildConfigurations = (
				AB895EBB260D879D00252329 /* Debug */,
				AB895EBC260D879D00252329 /* Release */,
			);
			defaultConfigurationIsVisible = 0;
			defaultConfigurationName = Release;
		};
		AB895EBD260D879D00252329 /* Build configuration list for PBXNativeTarget "UITestSample" */ = {
			isa = XCConfigurationList;
			buildConfigurations = (
				AB895EBE260D879D00252329 /* Debug */,
				AB895EBF260D879D00252329 /* Release */,
			);
			defaultConfigurationIsVisible = 0;
			defaultConfigurationName = Release;
		};
		AB895EC0260D879D00252329 /* Build configuration list for PBXNativeTarget "UITestSampleTests" */ = {
			isa = XCConfigurationList;
			buildConfigurations = (
				AB895EC1260D879D00252329 /* Debug */,
				AB895EC2260D879D00252329 /* Release */,
			);
			defaultConfigurationIsVisible = 0;
			defaultConfigurationName = Release;
		};
		AB895EC3260D879D00252329 /* Build configuration list for PBXNativeTarget "UITestSampleUITests" */ = {
			isa = XCConfigurationList;
			buildConfigurations = (
				AB895EC4260D879D00252329 /* Debug */,
				AB895EC5260D879D00252329 /* Release */,
			);
			defaultConfigurationIsVisible = 0;
			defaultConfigurationName = Release;
		};
/* End XCConfigurationList section */
	};
	rootObject = AB895E8B260D879A00252329 /* Project object */;
}
